
Microsoft Visual Studio Solution File, Format Version 12.00
# Visual Studio Version 17
VisualStudioVersion = 17.1.32414.318
MinimumVisualStudioVersion = 10.0.40219.1
Project("{FAE04EC0-301F-11D3-BF4B-00C04F79EFBC}") = "zad1", "zad1\zad1.csproj", "{F787CEBD-4936-4F68-A0B5-58E2BA02546A}"
EndProject
Global
	GlobalSection(SolutionConfigurationPlatforms) = preSolution
		Debug|Any CPU = Debug|Any CPU
		Release|Any CPU = Release|Any CPU
	EndGlobalSection
	GlobalSection(ProjectConfigurationPlatforms) = postSolution
		{F787CEBD-4936-4F68-A0B5-58E2BA02546A}.Debug|Any CPU.ActiveCfg = Debug|Any CPU
		{F787CEBD-4936-4F68-A0B5-58E2BA02546A}.Debug|Any CPU.Build.0 = Debug|Any CPU
		{F787CEBD-4936-4F68-A0B5-58E2BA02546A}.Release|Any CPU.ActiveCfg = Release|Any CPU
		{F787CEBD-4936-4F68-A0B5-58E2BA02546A}.Release|Any CPU.Build.0 = Release|Any CPU
	EndGlobalSection
	GlobalSection(SolutionProperties) = preSolution
		HideSolutionNode = FALSE
	EndGlobalSection
	GlobalSection(ExtensibilityGlobals) = postSolution
		SolutionGuid = {CC5EE75F-8683-4370-9120-4AB3BF6C8FD2}
	EndGlobalSection
EndGlobal
